
Microsoft Visual Studio Solution File, Format Version 12.00
# Visual Studio Version 16
VisualStudioVersion = 16.0.31205.134
MinimumVisualStudioVersion = 10.0.40219.1
Project("{FAE04EC0-301F-11D3-BF4B-00C04F79EFBC}") = "WindowsFormsApp2", "WindowsFormsApp2\WindowsFormsApp2.csproj", "{6B459B93-BF69-4FB0-8CA4-D41AF48453C3}"
EndProject
Global
	GlobalSection(SolutionConfigurationPlatforms) = preSolution
		Debug|Any CPU = Debug|Any CPU
		Release|Any CPU = Release|Any CPU
	EndGlobalSection
	GlobalSection(ProjectConfigurationPlatforms) = postSolution
		{6B459B93-BF69-4FB0-8CA4-D41AF48453C3}.Debug|Any CPU.ActiveCfg = Debug|Any CPU
		{6B459B93-BF69-4FB0-8CA4-D41AF48453C3}.Debug|Any CPU.Build.0 = Debug|Any CPU
		{6B459B93-BF69-4FB0-8CA4-D41AF48453C3}.Release|Any CPU.ActiveCfg = Release|Any CPU
		{6B459B93-BF69-4FB0-8CA4-D41AF48453C3}.Release|Any CPU.Build.0 = Release|Any CPU
	EndGlobalSection
	GlobalSection(SolutionProperties) = preSolution
		HideSolutionNode = FALSE
	EndGlobalSection
	GlobalSection(ExtensibilityGlobals) = postSolution
		SolutionGuid = {58DCD96D-AE41-4AC4-AF07-334EC658A7F6}
	EndGlobalSection
EndGlobal
